// !$*UTF8*$!
{
	archiveVersion = 1;
	classes = {
	};
	objectVersion = 46;
	objects = {

/* Begin PBXBuildFile section */
		2438F3171E86DE09004B632A /* ViewControllerExtension.swift in Sources */ = {isa = PBXBuildFile; fileRef = 2438F3161E86DE09004B632A /* ViewControllerExtension.swift */; };
		2438F31D1E872575004B632A /* SlideMenuView.xib in Resources */ = {isa = PBXBuildFile; fileRef = 2438F31C1E872575004B632A /* SlideMenuView.xib */; };
		2438F31F1E87265E004B632A /* SlideMenuView.swift in Sources */ = {isa = PBXBuildFile; fileRef = 2438F31E1E87265E004B632A /* SlideMenuView.swift */; };
		2438F3211E872AC7004B632A /* SlideMenuCell.swift in Sources */ = {isa = PBXBuildFile; fileRef = 2438F3201E872AC7004B632A /* SlideMenuCell.swift */; };
		2438F3281E87B74D004B632A /* Profile.storyboard in Resources */ = {isa = PBXBuildFile; fileRef = 2438F3271E87B74D004B632A /* Profile.storyboard */; };
		2438F32A1E87B761004B632A /* Member.storyboard in Resources */ = {isa = PBXBuildFile; fileRef = 2438F3291E87B761004B632A /* Member.storyboard */; };
		2438F32C1E87B777004B632A /* Setting.storyboard in Resources */ = {isa = PBXBuildFile; fileRef = 2438F32B1E87B777004B632A /* Setting.storyboard */; };
		2438F32F1E87B903004B632A /* ProfileViewController.swift in Sources */ = {isa = PBXBuildFile; fileRef = 2438F32E1E87B903004B632A /* ProfileViewController.swift */; };
		2438F3311E87BC7A004B632A /* MemberViewController.swift in Sources */ = {isa = PBXBuildFile; fileRef = 2438F3301E87BC7A004B632A /* MemberViewController.swift */; };
		2438F3351E87BD78004B632A /* SettingTableViewController.swift in Sources */ = {isa = PBXBuildFile; fileRef = 2438F3341E87BD78004B632A /* SettingTableViewController.swift */; };
		24769F611E86D8EA002A7A54 /* AppDelegate.swift in Sources */ = {isa = PBXBuildFile; fileRef = 24769F601E86D8EA002A7A54 /* AppDelegate.swift */; };
		24769F631E86D8EA002A7A54 /* LoginViewController.swift in Sources */ = {isa = PBXBuildFile; fileRef = 24769F621E86D8EA002A7A54 /* LoginViewController.swift */; };
		24769F661E86D8EA002A7A54 /* Main.storyboard in Resources */ = {isa = PBXBuildFile; fileRef = 24769F641E86D8EA002A7A54 /* Main.storyboard */; };
		24769F681E86D8EA002A7A54 /* Assets.xcassets in Resources */ = {isa = PBXBuildFile; fileRef = 24769F671E86D8EA002A7A54 /* Assets.xcassets */; };
		24769F6B1E86D8EA002A7A54 /* LaunchScreen.storyboard in Resources */ = {isa = PBXBuildFile; fileRef = 24769F691E86D8EA002A7A54 /* LaunchScreen.storyboard */; };
		24769F731E86DCCE002A7A54 /* MainViewController.swift in Sources */ = {isa = PBXBuildFile; fileRef = 24769F721E86DCCE002A7A54 /* MainViewController.swift */; };
		24769F751E86DD5E002A7A54 /* FirstViewController.swift in Sources */ = {isa = PBXBuildFile; fileRef = 24769F741E86DD5E002A7A54 /* FirstViewController.swift */; };
		24769F771E86DD73002A7A54 /* SecondViewController.swift in Sources */ = {isa = PBXBuildFile; fileRef = 24769F761E86DD73002A7A54 /* SecondViewController.swift */; };
/* End PBXBuildFile section */

/* Begin PBXFileReference section */
		2438F3161E86DE09004B632A /* ViewControllerExtension.swift */ = {isa = PBXFileReference; fileEncoding = 4; lastKnownFileType = sourcecode.swift; path = ViewControllerExtension.swift; sourceTree = "<group>"; };
		2438F31C1E872575004B632A /* SlideMenuView.xib */ = {isa = PBXFileReference; fileEncoding = 4; lastKnownFileType = file.xib; path = SlideMenuView.xib; sourceTree = "<group>"; };
		2438F31E1E87265E004B632A /* SlideMenuView.swift */ = {isa = PBXFileReference; fileEncoding = 4; lastKnownFileType = sourcecode.swift; path = SlideMenuView.swift; sourceTree = "<group>"; };
		2438F3201E872AC7004B632A /* SlideMenuCell.swift */ = {isa = PBXFileReference; fileEncoding = 4; lastKnownFileType = sourcecode.swift; path = SlideMenuCell.swift; sourceTree = "<group>"; };
		2438F3271E87B74D004B632A /* Profile.storyboard */ = {isa = PBXFileReference; fileEncoding = 4; lastKnownFileType = file.storyboard; path = Profile.storyboard; sourceTree = "<group>"; };
		2438F3291E87B761004B632A /* Member.storyboard */ = {isa = PBXFileReference; fileEncoding = 4; lastKnownFileType = file.storyboard; path = Member.storyboard; sourceTree = "<group>"; };
		2438F32B1E87B777004B632A /* Setting.storyboard */ = {isa = PBXFileReference; fileEncoding = 4; lastKnownFileType = file.storyboard; path = Setting.storyboard; sourceTree = "<group>"; };
		2438F32E1E87B903004B632A /* ProfileViewController.swift */ = {isa = PBXFileReference; fileEncoding = 4; lastKnownFileType = sourcecode.swift; path = ProfileViewController.swift; sourceTree = "<group>"; };
		2438F3301E87BC7A004B632A /* MemberViewController.swift */ = {isa = PBXFileReference; fileEncoding = 4; lastKnownFileType = sourcecode.swift; path = MemberViewController.swift; sourceTree = "<group>"; };
		2438F3341E87BD78004B632A /* SettingTableViewController.swift */ = {isa = PBXFileReference; fileEncoding = 4; lastKnownFileType = sourcecode.swift; path = SettingTableViewController.swift; sourceTree = "<group>"; };
		24769F5D1E86D8EA002A7A54 /* SlideMenuWithTabbar.app */ = {isa = PBXFileReference; explicitFileType = wrapper.application; includeInIndex = 0; path = SlideMenuWithTabbar.app; sourceTree = BUILT_PRODUCTS_DIR; };
		24769F601E86D8EA002A7A54 /* AppDelegate.swift */ = {isa = PBXFileReference; lastKnownFileType = sourcecode.swift; path = AppDelegate.swift; sourceTree = "<group>"; };
		24769F621E86D8EA002A7A54 /* LoginViewController.swift */ = {isa = PBXFileReference; lastKnownFileType = sourcecode.swift; path = LoginViewController.swift; sourceTree = "<group>"; };
		24769F651E86D8EA002A7A54 /* Base */ = {isa = PBXFileReference; lastKnownFileType = file.storyboard; name = Base; path = Base.lproj/Main.storyboard; sourceTree = "<group>"; };
		24769F671E86D8EA002A7A54 /* Assets.xcassets */ = {isa = PBXFileReference; lastKnownFileType = folder.assetcatalog; path = Assets.xcassets; sourceTree = "<group>"; };
		24769F6A1E86D8EA002A7A54 /* Base */ = {isa = PBXFileReference; lastKnownFileType = file.storyboard; name = Base; path = Base.lproj/LaunchScreen.storyboard; sourceTree = "<group>"; };
		24769F6C1E86D8EA002A7A54 /* Info.plist */ = {isa = PBXFileReference; lastKnownFileType = text.plist.xml; path = Info.plist; sourceTree = "<group>"; };
		24769F721E86DCCE002A7A54 /* MainViewController.swift */ = {isa = PBXFileReference; fileEncoding = 4; lastKnownFileType = sourcecode.swift; path = MainViewController.swift; sourceTree = "<group>"; };
		24769F741E86DD5E002A7A54 /* FirstViewController.swift */ = {isa = PBXFileReference; fileEncoding = 4; lastKnownFileType = sourcecode.swift; path = FirstViewController.swift; sourceTree = "<group>"; };
		24769F761E86DD73002A7A54 /* SecondViewController.swift */ = {isa = PBXFileReference; fileEncoding = 4; lastKnownFileType = sourcecode.swift; path = SecondViewController.swift; sourceTree = "<group>"; };
/* End PBXFileReference section */

/* Begin PBXFrameworksBuildPhase section */
		24769F5A1E86D8EA002A7A54 /* Frameworks */ = {
			isa = PBXFrameworksBuildPhase;
			buildActionMask = 2147483647;
			files = (
			);
			runOnlyForDeploymentPostprocessing = 0;
		};
/* End PBXFrameworksBuildPhase section */

/* Begin PBXGroup section */
		2438F3221E87B359004B632A /* SlideMenu */ = {
			isa = PBXGroup;
			children = (
				2438F31E1E87265E004B632A /* SlideMenuView.swift */,
				2438F3201E872AC7004B632A /* SlideMenuCell.swift */,
				2438F31C1E872575004B632A /* SlideMenuView.xib */,
			);
			name = SlideMenu;
			sourceTree = "<group>";
		};
		2438F3241E87B37A004B632A /* TabBar */ = {
			isa = PBXGroup;
			children = (
				24769F721E86DCCE002A7A54 /* MainViewController.swift */,
				24769F741E86DD5E002A7A54 /* FirstViewController.swift */,
				24769F761E86DD73002A7A54 /* SecondViewController.swift */,
				24769F641E86D8EA002A7A54 /* Main.storyboard */,
			);
			name = TabBar;
			sourceTree = "<group>";
		};
		2438F3251E87B39D004B632A /* Others */ = {
			isa = PBXGroup;
			children = (
				24769F671E86D8EA002A7A54 /* Assets.xcassets */,
				24769F691E86D8EA002A7A54 /* LaunchScreen.storyboard */,
				24769F6C1E86D8EA002A7A54 /* Info.plist */,
			);
			name = Others;
			sourceTree = "<group>";
		};
		2438F3261E87B4C2004B632A /* Extension */ = {
			isa = PBXGroup;
			children = (
				2438F3161E86DE09004B632A /* ViewControllerExtension.swift */,
			);
			name = Extension;
			sourceTree = "<group>";
		};
		2438F32D1E87B7BC004B632A /* MenuItem */ = {
			isa = PBXGroup;
			children = (
				2438F3271E87B74D004B632A /* Profile.storyboard */,
				2438F3291E87B761004B632A /* Member.storyboard */,
				2438F32B1E87B777004B632A /* Setting.storyboard */,
				2438F32E1E87B903004B632A /* ProfileViewController.swift */,
				2438F3301E87BC7A004B632A /* MemberViewController.swift */,
				2438F3341E87BD78004B632A /* SettingTableViewController.swift */,
			);
			name = MenuItem;
			sourceTree = "<group>";
		};
		24769F541E86D8EA002A7A54 = {
			isa = PBXGroup;
			children = (
				24769F5F1E86D8EA002A7A54 /* SlideMenuWithTabbar */,
				24769F5E1E86D8EA002A7A54 /* Products */,
			);
			sourceTree = "<group>";
		};
		24769F5E1E86D8EA002A7A54 /* Products */ = {
			isa = PBXGroup;
			children = (
				24769F5D1E86D8EA002A7A54 /* SlideMenuWithTabbar.app */,
			);
			name = Products;
			sourceTree = "<group>";
		};
		24769F5F1E86D8EA002A7A54 /* SlideMenuWithTabbar */ = {
			isa = PBXGroup;
			children = (
				2438F3261E87B4C2004B632A /* Extension */,
				2438F3241E87B37A004B632A /* TabBar */,
				2438F3221E87B359004B632A /* SlideMenu */,
				2438F32D1E87B7BC004B632A /* MenuItem */,
				2438F3251E87B39D004B632A /* Others */,
				24769F601E86D8EA002A7A54 /* AppDelegate.swift */,
				24769F621E86D8EA002A7A54 /* LoginViewController.swift */,
			);
			path = SlideMenuWithTabbar;
			sourceTree = "<group>";
		};
/* End PBXGroup section */

/* Begin PBXNativeTarget section */
		24769F5C1E86D8EA002A7A54 /* SlideMenuWithTabbar */ = {
			isa = PBXNativeTarget;
			buildConfigurationList = 24769F6F1E86D8EA002A7A54 /* Build configuration list for PBXNativeTarget "SlideMenuWithTabbar" */;
			buildPhases = (
				24769F591E86D8EA002A7A54 /* Sources */,
				24769F5A1E86D8EA002A7A54 /* Frameworks */,
				24769F5B1E86D8EA002A7A54 /* Resources */,
			);
			buildRules = (
			);
			dependencies = (
			);
			name = SlideMenuWithTabbar;
			productName = SlideMenuWithTabbar;
			productReference = 24769F5D1E86D8EA002A7A54 /* SlideMenuWithTabbar.app */;
			productType = "com.apple.product-type.application";
		};
/* End PBXNativeTarget section */

/* Begin PBXProject section */
		24769F551E86D8EA002A7A54 /* Project object */ = {
			isa = PBXProject;
			attributes = {
				LastSwiftUpdateCheck = 0820;
				LastUpgradeCheck = 0820;
				ORGANIZATIONNAME = "Chun-Tang Wang";
				TargetAttributes = {
					24769F5C1E86D8EA002A7A54 = {
						CreatedOnToolsVersion = 8.2.1;
						DevelopmentTeam = U25QYW68AT;
						ProvisioningStyle = Automatic;
					};
				};
			};
			buildConfigurationList = 24769F581E86D8EA002A7A54 /* Build configuration list for PBXProject "SlideMenuWithTabbar" */;
			compatibilityVersion = "Xcode 3.2";
			developmentRegion = English;
			hasScannedForEncodings = 0;
			knownRegions = (
				en,
				Base,
			);
			mainGroup = 24769F541E86D8EA002A7A54;
			productRefGroup = 24769F5E1E86D8EA002A7A54 /* Products */;
			projectDirPath = "";
			projectRoot = "";
			targets = (
				24769F5C1E86D8EA002A7A54 /* SlideMenuWithTabbar */,
			);
		};
/* End PBXProject section */

/* Begin PBXResourcesBuildPhase section */
		24769F5B1E86D8EA002A7A54 /* Resources */ = {
			isa = PBXResourcesBuildPhase;
			buildActionMask = 2147483647;
			files = (
				24769F6B1E86D8EA002A7A54 /* LaunchScreen.storyboard in Resources */,
				2438F32A1E87B761004B632A /* Member.storyboard in Resources */,
				24769F681E86D8EA002A7A54 /* Assets.xcassets in Resources */,
				24769F661E86D8EA002A7A54 /* Main.storyboard in Resources */,
				2438F31D1E872575004B632A /* SlideMenuView.xib in Resources */,
				2438F3281E87B74D004B632A /* Profile.storyboard in Resources */,
				2438F32C1E87B777004B632A /* Setting.storyboard in Resources */,
			);
			runOnlyForDeploymentPostprocessing = 0;
		};
/* End PBXResourcesBuildPhase section */

/* Begin PBXSourcesBuildPhase section */
		24769F591E86D8EA002A7A54 /* Sources */ = {
			isa = PBXSourcesBuildPhase;
			buildActionMask = 2147483647;
			files = (
				24769F731E86DCCE002A7A54 /* MainViewController.swift in Sources */,
				24769F751E86DD5E002A7A54 /* FirstViewController.swift in Sources */,
				2438F3171E86DE09004B632A /* ViewControllerExtension.swift in Sources */,
				24769F771E86DD73002A7A54 /* SecondViewController.swift in Sources */,
				2438F3211E872AC7004B632A /* SlideMenuCell.swift in Sources */,
				24769F631E86D8EA002A7A54 /* LoginViewController.swift in Sources */,
				2438F32F1E87B903004B632A /* ProfileViewController.swift in Sources */,
				2438F3351E87BD78004B632A /* SettingTableViewController.swift in Sources */,
				24769F611E86D8EA002A7A54 /* AppDelegate.swift in Sources */,
				2438F3311E87BC7A004B632A /* MemberViewController.swift in Sources */,
				2438F31F1E87265E004B632A /* SlideMenuView.swift in Sources */,
			);
			runOnlyForDeploymentPostprocessing = 0;
		};
/* End PBXSourcesBuildPhase section */

/* Begin PBXVariantGroup section */
		24769F641E86D8EA002A7A54 /* Main.storyboard */ = {
			isa = PBXVariantGroup;
			children = (
				24769F651E86D8EA002A7A54 /* Base */,
			);
			name = Main.storyboard;
			sourceTree = "<group>";
		};
		24769F691E86D8EA002A7A54 /* LaunchScreen.storyboard */ = {
			isa = PBXVariantGroup;
			children = (
				24769F6A1E86D8EA002A7A54 /* Base */,
			);
			name = LaunchScreen.storyboard;
			sourceTree = "<group>";
		};
/* End PBXVariantGroup section */

/* Begin XCBuildConfiguration section */
		24769F6D1E86D8EA002A7A54 /* Debug */ = {
			isa = XCBuildConfiguration;
			buildSettings = {
				ALWAYS_SEARCH_USER_PATHS = NO;
				CLANG_ANALYZER_NONNULL = YES;
				CLANG_CXX_LANGUAGE_STANDARD = "gnu++0x";
				CLANG_CXX_LIBRARY = "libc++";
				CLANG_ENABLE_MODULES = YES;
				CLANG_ENABLE_OBJC_ARC = YES;
				CLANG_WARN_BOOL_CONVERSION = YES;
				CLANG_WARN_CONSTANT_CONVERSION = YES;
				CLANG_WARN_DIRECT_OBJC_ISA_USAGE = YES_ERROR;
				CLANG_WARN_DOCUMENTATION_COMMENTS = YES;
				CLANG_WARN_EMPTY_BODY = YES;
				CLANG_WARN_ENUM_CONVERSION = YES;
				CLANG_WARN_INFINITE_RECURSION = YES;
				CLANG_WARN_INT_CONVERSION = YES;
				CLANG_WARN_OBJC_ROOT_CLASS = YES_ERROR;
				CLANG_WARN_SUSPICIOUS_MOVE = YES;
				CLANG_WARN_UNREACHABLE_CODE = YES;
				CLANG_WARN__DUPLICATE_METHOD_MATCH = YES;
				"CODE_SIGN_IDENTITY[sdk=iphoneos*]" = "iPhone Developer";
				COPY_PHASE_STRIP = NO;
				DEBUG_INFORMATION_FORMAT = dwarf;
				ENABLE_STRICT_OBJC_MSGSEND = YES;
				ENABLE_TESTABILITY = YES;
				GCC_C_LANGUAGE_STANDARD = gnu99;
				GCC_DYNAMIC_NO_PIC = NO;
				GCC_NO_COMMON_BLOCKS = YES;
				GCC_OPTIMIZATION_LEVEL = 0;
				GCC_PREPROCESSOR_DEFINITIONS = (
					"DEBUG=1",
					"$(inherited)",
				);
				GCC_WARN_64_TO_32_BIT_CONVERSION = YES;
				GCC_WARN_ABOUT_RETURN_TYPE = YES_ERROR;
				GCC_WARN_UNDECLARED_SELECTOR = YES;
				GCC_WARN_UNINITIALIZED_AUTOS = YES_AGGRESSIVE;
				GCC_WARN_UNUSED_FUNCTION = YES;
				GCC_WARN_UNUSED_VARIABLE = YES;
				IPHONEOS_DEPLOYMENT_TARGET = 10.2;
				MTL_ENABLE_DEBUG_INFO = YES;
				ONLY_ACTIVE_ARCH = YES;
				SDKROOT = iphoneos;
				SWIFT_ACTIVE_COMPILATION_CONDITIONS = DEBUG;
				SWIFT_OPTIMIZATION_LEVEL = "-Onone";
			};
			name = Debug;
		};
		24769F6E1E86D8EA002A7A54 /* Release */ = {
			isa = XCBuildConfiguration;
			buildSettings = {
				ALWAYS_SEARCH_USER_PATHS = NO;
				CLANG_ANALYZER_NONNULL = YES;
				CLANG_CXX_LANGUAGE_STANDARD = "gnu++0x";
				CLANG_CXX_LIBRARY = "libc++";
				CLANG_ENABLE_MODULES = YES;
				CLANG_ENABLE_OBJC_ARC = YES;
				CLANG_WARN_BOOL_CONVERSION = YES;
				CLANG_WARN_CONSTANT_CONVERSION = YES;
				CLANG_WARN_DIRECT_OBJC_ISA_USAGE = YES_ERROR;
				CLANG_WARN_DOCUMENTATION_COMMENTS = YES;
				CLANG_WARN_EMPTY_BODY = YES;
				CLANG_WARN_ENUM_CONVERSION = YES;
				CLANG_WARN_INFINITE_RECURSION = YES;
				CLANG_WARN_INT_CONVERSION = YES;
				CLANG_WARN_OBJC_ROOT_CLASS = YES_ERROR;
				CLANG_WARN_SUSPICIOUS_MOVE = YES;
				CLANG_WARN_UNREACHABLE_CODE = YES;
				CLANG_WARN__DUPLICATE_METHOD_MATCH = YES;
				"CODE_SIGN_IDENTITY[sdk=iphoneos*]" = "iPhone Developer";
				COPY_PHASE_STRIP = NO;
				DEBUG_INFORMATION_FORMAT = "dwarf-with-dsym";
				ENABLE_NS_ASSERTIONS = NO;
				ENABLE_STRICT_OBJC_MSGSEND = YES;
				GCC_C_LANGUAGE_STANDARD = gnu99;
				GCC_NO_COMMON_BLOCKS = YES;
				GCC_WARN_64_TO_32_BIT_CONVERSION = YES;
				GCC_WARN_ABOUT_RETURN_TYPE = YES_ERROR;
				GCC_WARN_UNDECLARED_SELECTOR = YES;
				GCC_WARN_UNINITIALIZED_AUTOS = YES_AGGRESSIVE;
				GCC_WARN_UNUSED_FUNCTION = YES;
				GCC_WARN_UNUSED_VARIABLE = YES;
				IPHONEOS_DEPLOYMENT_TARGET = 10.2;
				MTL_ENABLE_DEBUG_INFO = NO;
				SDKROOT = iphoneos;
				SWIFT_OPTIMIZATION_LEVEL = "-Owholemodule";
				VALIDATE_PRODUCT = YES;
			};
			name = Release;
		};
		24769F701E86D8EA002A7A54 /* Debug */ = {
			isa = XCBuildConfiguration;
			buildSettings = {
				ASSETCATALOG_COMPILER_APPICON_NAME = AppIcon;
				DEVELOPMENT_TEAM = U25QYW68AT;
				INFOPLIST_FILE = SlideMenuWithTabbar/Info.plist;
				LD_RUNPATH_SEARCH_PATHS = "$(inherited) @executable_path/Frameworks";
				PRODUCT_BUNDLE_IDENTIFIER = com.chuntangwang.SlideMenuWithTabbar;
				PRODUCT_NAME = "$(TARGET_NAME)";
				SWIFT_VERSION = 3.0;
			};
			name = Debug;
		};
		24769F711E86D8EA002A7A54 /* Release */ = {
			isa = XCBuildConfiguration;
			buildSettings = {
				ASSETCATALOG_COMPILER_APPICON_NAME = AppIcon;
				"CODE_SIGN_IDENTITY[sdk=iphoneos*]" = "iPhone Distribution";
				DEVELOPMENT_TEAM = U25QYW68AT;
				INFOPLIST_FILE = SlideMenuWithTabbar/Info.plist;
				LD_RUNPATH_SEARCH_PATHS = "$(inherited) @executable_path/Frameworks";
				PRODUCT_BUNDLE_IDENTIFIER = com.chuntangwang.SlideMenuWithTabbar;
				PRODUCT_NAME = "$(TARGET_NAME)";
				SWIFT_VERSION = 3.0;
			};
			name = Release;
		};
/* End XCBuildConfiguration section */

/* Begin XCConfigurationList section */
		24769F581E86D8EA002A7A54 /* Build configuration list for PBXProject "SlideMenuWithTabbar" */ = {
			isa = XCConfigurationList;
			buildConfigurations = (
				24769F6D1E86D8EA002A7A54 /* Debug */,
				24769F6E1E86D8EA002A7A54 /* Release */,
			);
			defaultConfigurationIsVisible = 0;
			defaultConfigurationName = Release;
		};
		24769F6F1E86D8EA002A7A54 /* Build configuration list for PBXNativeTarget "SlideMenuWithTabbar" */ = {
			isa = XCConfigurationList;
			buildConfigurations = (
				24769F701E86D8EA002A7A54 /* Debug */,
				24769F711E86D8EA002A7A54 /* Release */,
			);
			defaultConfigurationIsVisible = 0;
			defaultConfigurationName = Release;
		};
/* End XCConfigurationList section */
	};
	rootObject = 24769F551E86D8EA002A7A54 /* Project object */;
}
